
Microsoft Visual Studio Solution File, Format Version 12.00
# Visual Studio Version 17
VisualStudioVersion = 17.8.34525.116
MinimumVisualStudioVersion = 10.0.40219.1
Project("{FAE04EC0-301F-11D3-BF4B-00C04F79EFBC}") = "MarsRover", "MarsRover\MarsRover.csproj", "{A9EBEEC5-0EC4-4E5C-957B-0ACC3E29737F}"
EndProject
Global
	GlobalSection(SolutionConfigurationPlatforms) = preSolution
		Debug|Any CPU = Debug|Any CPU
		Release|Any CPU = Release|Any CPU
	EndGlobalSection
	GlobalSection(ProjectConfigurationPlatforms) = postSolution
		{A9EBEEC5-0EC4-4E5C-957B-0ACC3E29737F}.Debug|Any CPU.ActiveCfg = Debug|Any CPU
		{A9EBEEC5-0EC4-4E5C-957B-0ACC3E29737F}.Debug|Any CPU.Build.0 = Debug|Any CPU
		{A9EBEEC5-0EC4-4E5C-957B-0ACC3E29737F}.Release|Any CPU.ActiveCfg = Release|Any CPU
		{A9EBEEC5-0EC4-4E5C-957B-0ACC3E29737F}.Release|Any CPU.Build.0 = Release|Any CPU
	EndGlobalSection
	GlobalSection(SolutionProperties) = preSolution
		HideSolutionNode = FALSE
	EndGlobalSection
	GlobalSection(ExtensibilityGlobals) = postSolution
		SolutionGuid = {4DB44EC9-779F-4A69-B5CF-E72CD01E94DF}
	EndGlobalSection
EndGlobal
